{
  "name": "platforms",
  "version": "1.0.0",
  "lockfileVersion": 2,
  "requires": true,
  "packages": {
    "": {
      "name": "platforms",
      "version": "1.0.0",
      "license": "ISC",
      "dependencies": {
        "@nilumilak/ajs": "^1.0.0"
      }
    },
    "node_modules/@nilumilak/ajs": {
      "version": "1.0.0",
      "resolved": "https://npm.pkg.github.com/download/@nilumilak/ajs/1.0.0/3f4b2340bd4b00194a0b9b2546714a1501a7bf1b",
      "integrity": "sha512-ptvxdH64TR8/h41xExfR6NKfmkkT2j2KEt82nN1GQGu581K6Fo0i/xQYYgqKVRlvvaaculozeUimkZDVkZi1ow==",
      "license": "ISC"
    }
  },
  "dependencies": {
    "@nilumilak/ajs": {
      "version": "1.0.0",
      "resolved": "https://npm.pkg.github.com/download/@nilumilak/ajs/1.0.0/3f4b2340bd4b00194a0b9b2546714a1501a7bf1b",
      "integrity": "sha512-ptvxdH64TR8/h41xExfR6NKfmkkT2j2KEt82nN1GQGu581K6Fo0i/xQYYgqKVRlvvaaculozeUimkZDVkZi1ow=="
    }
  }
}
